
Microsoft Visual Studio Solution File, Format Version 12.00
# Visual Studio Version 16
VisualStudioVersion = 16.0.29409.12
MinimumVisualStudioVersion = 10.0.40219.1
Project("{FAE04EC0-301F-11D3-BF4B-00C04F79EFBC}") = "MSSQL_codeexec", "MSSQL_codeexec\MSSQL_codeexec.csproj", "{5D0B2272-BB7B-4A9B-9B37-48C140E209BE}"
EndProject
Global
	GlobalSection(SolutionConfigurationPlatforms) = preSolution
		Debug|Any CPU = Debug|Any CPU
		Debug|x64 = Debug|x64
		Release|Any CPU = Release|Any CPU
		Release|x64 = Release|x64
	EndGlobalSection
	GlobalSection(ProjectConfigurationPlatforms) = postSolution
		{5D0B2272-BB7B-4A9B-9B37-48C140E209BE}.Debug|Any CPU.ActiveCfg = Debug|Any CPU
		{5D0B2272-BB7B-4A9B-9B37-48C140E209BE}.Debug|Any CPU.Build.0 = Debug|Any CPU
		{5D0B2272-BB7B-4A9B-9B37-48C140E209BE}.Debug|x64.ActiveCfg = Debug|x64
		{5D0B2272-BB7B-4A9B-9B37-48C140E209BE}.Debug|x64.Build.0 = Debug|x64
		{5D0B2272-BB7B-4A9B-9B37-48C140E209BE}.Release|Any CPU.ActiveCfg = Release|Any CPU
		{5D0B2272-BB7B-4A9B-9B37-48C140E209BE}.Release|Any CPU.Build.0 = Release|Any CPU
		{5D0B2272-BB7B-4A9B-9B37-48C140E209BE}.Release|x64.ActiveCfg = Release|x64
		{5D0B2272-BB7B-4A9B-9B37-48C140E209BE}.Release|x64.Build.0 = Release|x64
	EndGlobalSection
	GlobalSection(SolutionProperties) = preSolution
		HideSolutionNode = FALSE
	EndGlobalSection
	GlobalSection(ExtensibilityGlobals) = postSolution
		SolutionGuid = {6AC4EB9D-CE51-402D-B165-6368CA9DDB5B}
	EndGlobalSection
EndGlobal
